Microsoft Visual Studio Solution File, Format Version 12.00
# Visual Studio Version 17
VisualStudioVersion = 17.5.2.0
MinimumVisualStudioVersion = 10.0.40219.1
Project("{FAE04EC0-301F-11D3-BF4B-00C04F79EFBC}") = "OG&E Files", "OG&E Files.csproj", "{92097C7E-B591-F745-4D56-3C893B51E93E}"
EndProject
Global
	GlobalSection(SolutionConfigurationPlatforms) = preSolution
		Debug|Any CPU = Debug|Any CPU
		Release|Any CPU = Release|Any CPU
	EndGlobalSection
	GlobalSection(ProjectConfigurationPlatforms) = postSolution
		{92097C7E-B591-F745-4D56-3C893B51E93E}.Debug|Any CPU.ActiveCfg = Debug|Any CPU
		{92097C7E-B591-F745-4D56-3C893B51E93E}.Debug|Any CPU.Build.0 = Debug|Any CPU
		{92097C7E-B591-F745-4D56-3C893B51E93E}.Release|Any CPU.ActiveCfg = Release|Any CPU
		{92097C7E-B591-F745-4D56-3C893B51E93E}.Release|Any CPU.Build.0 = Release|Any CPU
	EndGlobalSection
	GlobalSection(SolutionProperties) = preSolution
		HideSolutionNode = FALSE
	EndGlobalSection
	GlobalSection(ExtensibilityGlobals) = postSolution
		SolutionGuid = {EFA65DC0-C91C-4BCF-A72B-310FCE8D41C6}
	EndGlobalSection
EndGlobal
